
Microsoft Visual Studio Solution File, Format Version 12.00
# Visual Studio Version 16
VisualStudioVersion = 16.0.30320.27
MinimumVisualStudioVersion = 10.0.40219.1
Project("{2150E333-8FDC-42A3-9474-1A3956D46DE8}") = "src", "src", "{4F728FA6-4E44-4482-AB7C-4A9997D7B910}"
EndProject
Project("{2150E333-8FDC-42A3-9474-1A3956D46DE8}") = "Catalog", "Catalog", "{5A75B9E8-C84A-4221-80A6-44AB1143AEAF}"
EndProject
Project("{9A19103F-16F7-4668-BE54-9A1E7A4F7556}") = "Catalog.API", "src\Catalog\Catalog.API\Catalog.API.csproj", "{C889797C-364C-4FA2-A820-77C2C7CA5A6F}"
EndProject
Project("{E53339B2-1760-4266-BCC7-CA923CBCF16C}") = "docker-compose", "docker-compose.dcproj", "{7138CA85-DC72-40EF-910E-569C4EE1AAF5}"
EndProject
Project("{2150E333-8FDC-42A3-9474-1A3956D46DE8}") = "Basket", "Basket", "{87EF97D9-AE05-4F77-86ED-22BF4CFAE908}"
EndProject
Project("{FAE04EC0-301F-11D3-BF4B-00C04F79EFBC}") = "Basket.API", "src\Basket\Basket.API\Basket.API.csproj", "{95E7697E-2902-4722-8A5D-9B48DA3A803D}"
EndProject
Global
	GlobalSection(SolutionConfigurationPlatforms) = preSolution
		Debug|Any CPU = Debug|Any CPU
		Release|Any CPU = Release|Any CPU
	EndGlobalSection
	GlobalSection(ProjectConfigurationPlatforms) = postSolution
		{C889797C-364C-4FA2-A820-77C2C7CA5A6F}.Debug|Any CPU.ActiveCfg = Debug|Any CPU
		{C889797C-364C-4FA2-A820-77C2C7CA5A6F}.Debug|Any CPU.Build.0 = Debug|Any CPU
		{C889797C-364C-4FA2-A820-77C2C7CA5A6F}.Release|Any CPU.ActiveCfg = Release|Any CPU
		{C889797C-364C-4FA2-A820-77C2C7CA5A6F}.Release|Any CPU.Build.0 = Release|Any CPU
		{7138CA85-DC72-40EF-910E-569C4EE1AAF5}.Debug|Any CPU.ActiveCfg = Debug|Any CPU
		{7138CA85-DC72-40EF-910E-569C4EE1AAF5}.Debug|Any CPU.Build.0 = Debug|Any CPU
		{7138CA85-DC72-40EF-910E-569C4EE1AAF5}.Release|Any CPU.ActiveCfg = Release|Any CPU
		{7138CA85-DC72-40EF-910E-569C4EE1AAF5}.Release|Any CPU.Build.0 = Release|Any CPU
		{95E7697E-2902-4722-8A5D-9B48DA3A803D}.Debug|Any CPU.ActiveCfg = Debug|Any CPU
		{95E7697E-2902-4722-8A5D-9B48DA3A803D}.Debug|Any CPU.Build.0 = Debug|Any CPU
		{95E7697E-2902-4722-8A5D-9B48DA3A803D}.Release|Any CPU.ActiveCfg = Release|Any CPU
		{95E7697E-2902-4722-8A5D-9B48DA3A803D}.Release|Any CPU.Build.0 = Release|Any CPU
	EndGlobalSection
	GlobalSection(SolutionProperties) = preSolution
		HideSolutionNode = FALSE
	EndGlobalSection
	GlobalSection(NestedProjects) = preSolution
		{5A75B9E8-C84A-4221-80A6-44AB1143AEAF} = {4F728FA6-4E44-4482-AB7C-4A9997D7B910}
		{C889797C-364C-4FA2-A820-77C2C7CA5A6F} = {5A75B9E8-C84A-4221-80A6-44AB1143AEAF}
		{87EF97D9-AE05-4F77-86ED-22BF4CFAE908} = {4F728FA6-4E44-4482-AB7C-4A9997D7B910}
		{95E7697E-2902-4722-8A5D-9B48DA3A803D} = {87EF97D9-AE05-4F77-86ED-22BF4CFAE908}
	EndGlobalSection
	GlobalSection(ExtensibilityGlobals) = postSolution
		SolutionGuid = {75F39286-D09E-49EA-9FC3-D494F08B3B4E}
	EndGlobalSection
EndGlobal
